
Microsoft Visual Studio Solution File, Format Version 12.00
# Visual Studio Version 17
VisualStudioVersion = 17.14.36603.0
MinimumVisualStudioVersion = 10.0.40219.1
Project("{2150E333-8FDC-42A3-9474-1A3956D46DE8}") = "Task0", "Task0", "{36D591C7-65C7-A0D1-1CBC-10CDE441BDC8}"
EndProject
Project("{FAE04EC0-301F-11D3-BF4B-00C04F79EFBC}") = "Tyuiu.PrilukovDA.Sprint4.Task0.V12", "Tyuiu.PrilukovDA.Sprint4.Task0.V12\Tyuiu.PrilukovDA.Sprint4.Task0.V12.csproj", "{FF7843AD-00B0-4EF0-8672-88B15C1AF6E8}"
EndProject
Project("{FAE04EC0-301F-11D3-BF4B-00C04F79EFBC}") = "Tyuiu.PrilukovDA.Sprint4.Task0.V12.Lib", "Tyuiu.PrilukovDA.Sprint4.Task0.V12.Lib\Tyuiu.PrilukovDA.Sprint4.Task0.V12.Lib.csproj", "{BC1D8202-FF45-4345-A0F5-E11E1CC00294}"
EndProject
Project("{FAE04EC0-301F-11D3-BF4B-00C04F79EFBC}") = "Tyuiu.PrilukovDA.Sprint4.Task0.V12.Test", "Tyuiu.PrilukovDA.Sprint4.Task0.V12.Test\Tyuiu.PrilukovDA.Sprint4.Task0.V12.Test.csproj", "{932DB1E5-885F-447B-B37E-E8F894E5061F}"
EndProject
Project("{2150E333-8FDC-42A3-9474-1A3956D46DE8}") = "Task1", "Task1", "{5823F90B-BD97-42C7-9EE3-6297B84DFC0B}"
EndProject
Project("{FAE04EC0-301F-11D3-BF4B-00C04F79EFBC}") = "Tyuiu.PrilukovDA.Sprint4.Task1.V10", "Tyuiu.PrilukovDA.Sprint4.Task1.V10\Tyuiu.PrilukovDA.Sprint4.Task1.V10.csproj", "{A84FE64F-E8C0-4A5E-BD7F-71DF7504F8DA}"
EndProject
Project("{FAE04EC0-301F-11D3-BF4B-00C04F79EFBC}") = "Tyuiu.PrilukovDA.Sprint4.Task1.V10.Lib", "Tyuiu.PrilukovDA.Sprint4.Task1.V10.Lib\Tyuiu.PrilukovDA.Sprint4.Task1.V10.Lib.csproj", "{B1C7FCC5-7B66-4635-BFEA-877FEA2899AB}"
EndProject
Project("{FAE04EC0-301F-11D3-BF4B-00C04F79EFBC}") = "Tyuiu.PrilukovDA.Sprint4.Task1.V10.Test", "Tyuiu.PrilukovDA.Sprint4.Task1.V10.Test\Tyuiu.PrilukovDA.Sprint4.Task1.V10.Test.csproj", "{1C464C4A-7C14-41D7-964B-2F04DD9B1C0E}"
EndProject
Project("{2150E333-8FDC-42A3-9474-1A3956D46DE8}") = "Task2", "Task2", "{DF093A9D-3062-44CD-A280-817BC41BB9F4}"
EndProject
Project("{FAE04EC0-301F-11D3-BF4B-00C04F79EFBC}") = "Tyuiu.PrilukovDA.Sprint4.Task2.V25", "Tyuiu.PrilukovDA.Sprint4.Task2.V25\Tyuiu.PrilukovDA.Sprint4.Task2.V25.csproj", "{C1F72213-CED8-4A7B-979A-75C172097141}"
EndProject
Project("{FAE04EC0-301F-11D3-BF4B-00C04F79EFBC}") = "Tyuiu.PrilukovDA.Sprint4.Task2.V25.Lib", "Tyuiu.PrilukovDA.Sprint4.Task2.V25.Lib\Tyuiu.PrilukovDA.Sprint4.Task2.V25.Lib.csproj", "{441AB8E3-CFEC-4653-842D-F1F220E2DCE4}"
EndProject
Project("{FAE04EC0-301F-11D3-BF4B-00C04F79EFBC}") = "Tyuiu.PrilukovDA.Sprint4.Task2.V25.Test", "Tyuiu.PrilukovDA.Sprint4.Task2.V25.Test\Tyuiu.PrilukovDA.Sprint4.Task2.V25.Test.csproj", "{F5F75F17-3E13-40E4-8061-454EA5EAFA4F}"
EndProject
Project("{2150E333-8FDC-42A3-9474-1A3956D46DE8}") = "Task3", "Task3", "{9DE2D291-39DC-4466-872E-38B72FE79AA6}"
EndProject
Project("{FAE04EC0-301F-11D3-BF4B-00C04F79EFBC}") = "Tyuiu.PrilukovDA.Sprint4.Task3.V28", "Tyuiu.PrilukovDA.Sprint4.Task3.V28\Tyuiu.PrilukovDA.Sprint4.Task3.V28.csproj", "{8CDC3317-90ED-4700-A2C2-47643BA74019}"
EndProject
Project("{FAE04EC0-301F-11D3-BF4B-00C04F79EFBC}") = "Tyuiu.PrilukovDA.Sprint4.Task3.V28.Lib", "Tyuiu.PrilukovDA.Sprint4.Task3.V28.Lib\Tyuiu.PrilukovDA.Sprint4.Task3.V28.Lib.csproj", "{3B3F2D00-235D-4B4F-89FA-ABE51F7E66D9}"
EndProject
Project("{FAE04EC0-301F-11D3-BF4B-00C04F79EFBC}") = "Tyuiu.PrilukovDA.Sprint4.Task3.V28.Test", "Tyuiu.PrilukovDA.Sprint4.Task3.V28.Test\Tyuiu.PrilukovDA.Sprint4.Task3.V28.Test.csproj", "{850045C6-A164-4CCC-9136-A7A7EDDF4DB7}"
EndProject
Project("{2150E333-8FDC-42A3-9474-1A3956D46DE8}") = "Task4", "Task4", "{0E857EA2-8B3D-4F21-AF28-E78A8B2D89B2}"
EndProject
Project("{FAE04EC0-301F-11D3-BF4B-00C04F79EFBC}") = "Tyuiu.PrilukovDA.Sprint4.Task4.V24", "Tyuiu.PrilukovDA.Sprint4.Task4.V24\Tyuiu.PrilukovDA.Sprint4.Task4.V24.csproj", "{3F8E5951-9630-4969-8707-FFE100D5C76E}"
EndProject
Project("{FAE04EC0-301F-11D3-BF4B-00C04F79EFBC}") = "Tyuiu.PrilukovDA.Sprint4.Task4.V24.Lib", "Tyuiu.PrilukovDA.Sprint4.Task4.V24.Lib\Tyuiu.PrilukovDA.Sprint4.Task4.V24.Lib.csproj", "{DF746D41-F08A-4629-B513-51E30D74874D}"
EndProject
Project("{FAE04EC0-301F-11D3-BF4B-00C04F79EFBC}") = "Tyuiu.PrilukovDA.Sprint4.Task4.V24.Test", "Tyuiu.PrilukovDA.Sprint4.Task4.V24.Test\Tyuiu.PrilukovDA.Sprint4.Task4.V24.Test.csproj", "{7E2B3769-3CC2-4C03-A021-5759EE7C9FEE}"
EndProject
Project("{2150E333-8FDC-42A3-9474-1A3956D46DE8}") = "Task5", "Task5", "{5D3771F6-C744-4558-A805-60A45B29AC4F}"
EndProject
Project("{FAE04EC0-301F-11D3-BF4B-00C04F79EFBC}") = "Tyuiu.PrilukovDA.Sprint4.Task5.V17", "Tyuiu.PrilukovDA.Sprint4.Task5.V17\Tyuiu.PrilukovDA.Sprint4.Task5.V17.csproj", "{F7B8BD4F-21C9-4F56-893D-DE96F393BC08}"
EndProject
Project("{FAE04EC0-301F-11D3-BF4B-00C04F79EFBC}") = "Tyuiu.PrilukovDA.Sprint4.Task5.V17.Lib", "Tyuiu.PrilukovDA.Sprint4.Task5.V17.Lib\Tyuiu.PrilukovDA.Sprint4.Task5.V17.Lib.csproj", "{285EB836-F321-4CBE-8701-5F4B480674B0}"
EndProject
Project("{FAE04EC0-301F-11D3-BF4B-00C04F79EFBC}") = "Tyuiu.PrilukovDA.Sprint4.Task5.V17.Test", "Tyuiu.PrilukovDA.Sprint4.Task5.V17.Test\Tyuiu.PrilukovDA.Sprint4.Task5.V17.Test.csproj", "{6E4CEB92-282F-4A13-8A75-AF90FB42E6E4}"
EndProject
Global
	GlobalSection(SolutionConfigurationPlatforms) = preSolution
		Debug|Any CPU = Debug|Any CPU
		Release|Any CPU = Release|Any CPU
	EndGlobalSection
	GlobalSection(ProjectConfigurationPlatforms) = postSolution
		{FF7843AD-00B0-4EF0-8672-88B15C1AF6E8}.Debug|Any CPU.ActiveCfg = Debug|Any CPU
		{FF7843AD-00B0-4EF0-8672-88B15C1AF6E8}.Debug|Any CPU.Build.0 = Debug|Any CPU
		{FF7843AD-00B0-4EF0-8672-88B15C1AF6E8}.Release|Any CPU.ActiveCfg = Release|Any CPU
		{FF7843AD-00B0-4EF0-8672-88B15C1AF6E8}.Release|Any CPU.Build.0 = Release|Any CPU
		{BC1D8202-FF45-4345-A0F5-E11E1CC00294}.Debug|Any CPU.ActiveCfg = Debug|Any CPU
		{BC1D8202-FF45-4345-A0F5-E11E1CC00294}.Debug|Any CPU.Build.0 = Debug|Any CPU
		{BC1D8202-FF45-4345-A0F5-E11E1CC00294}.Release|Any CPU.ActiveCfg = Release|Any CPU
		{BC1D8202-FF45-4345-A0F5-E11E1CC00294}.Release|Any CPU.Build.0 = Release|Any CPU
		{932DB1E5-885F-447B-B37E-E8F894E5061F}.Debug|Any CPU.ActiveCfg = Debug|Any CPU
		{932DB1E5-885F-447B-B37E-E8F894E5061F}.Debug|Any CPU.Build.0 = Debug|Any CPU
		{932DB1E5-885F-447B-B37E-E8F894E5061F}.Release|Any CPU.ActiveCfg = Release|Any CPU
		{932DB1E5-885F-447B-B37E-E8F894E5061F}.Release|Any CPU.Build.0 = Release|Any CPU
		{A84FE64F-E8C0-4A5E-BD7F-71DF7504F8DA}.Debug|Any CPU.ActiveCfg = Debug|Any CPU
		{A84FE64F-E8C0-4A5E-BD7F-71DF7504F8DA}.Debug|Any CPU.Build.0 = Debug|Any CPU
		{A84FE64F-E8C0-4A5E-BD7F-71DF7504F8DA}.Release|Any CPU.ActiveCfg = Release|Any CPU
		{A84FE64F-E8C0-4A5E-BD7F-71DF7504F8DA}.Release|Any CPU.Build.0 = Release|Any CPU
		{B1C7FCC5-7B66-4635-BFEA-877FEA2899AB}.Debug|Any CPU.ActiveCfg = Debug|Any CPU
		{B1C7FCC5-7B66-4635-BFEA-877FEA2899AB}.Debug|Any CPU.Build.0 = Debug|Any CPU
		{B1C7FCC5-7B66-4635-BFEA-877FEA2899AB}.Release|Any CPU.ActiveCfg = Release|Any CPU
		{B1C7FCC5-7B66-4635-BFEA-877FEA2899AB}.Release|Any CPU.Build.0 = Release|Any CPU
		{1C464C4A-7C14-41D7-964B-2F04DD9B1C0E}.Debug|Any CPU.ActiveCfg = Debug|Any CPU
		{1C464C4A-7C14-41D7-964B-2F04DD9B1C0E}.Debug|Any CPU.Build.0 = Debug|Any CPU
		{1C464C4A-7C14-41D7-964B-2F04DD9B1C0E}.Release|Any CPU.ActiveCfg = Release|Any CPU
		{1C464C4A-7C14-41D7-964B-2F04DD9B1C0E}.Release|Any CPU.Build.0 = Release|Any CPU
		{C1F72213-CED8-4A7B-979A-75C172097141}.Debug|Any CPU.ActiveCfg = Debug|Any CPU
		{C1F72213-CED8-4A7B-979A-75C172097141}.Debug|Any CPU.Build.0 = Debug|Any CPU
		{C1F72213-CED8-4A7B-979A-75C172097141}.Release|Any CPU.ActiveCfg = Release|Any CPU
		{C1F72213-CED8-4A7B-979A-75C172097141}.Release|Any CPU.Build.0 = Release|Any CPU
		{441AB8E3-CFEC-4653-842D-F1F220E2DCE4}.Debug|Any CPU.ActiveCfg = Debug|Any CPU
		{441AB8E3-CFEC-4653-842D-F1F220E2DCE4}.Debug|Any CPU.Build.0 = Debug|Any CPU
		{441AB8E3-CFEC-4653-842D-F1F220E2DCE4}.Release|Any CPU.ActiveCfg = Release|Any CPU
		{441AB8E3-CFEC-4653-842D-F1F220E2DCE4}.Release|Any CPU.Build.0 = Release|Any CPU
		{F5F75F17-3E13-40E4-8061-454EA5EAFA4F}.Debug|Any CPU.ActiveCfg = Debug|Any CPU
		{F5F75F17-3E13-40E4-8061-454EA5EAFA4F}.Debug|Any CPU.Build.0 = Debug|Any CPU
		{F5F75F17-3E13-40E4-8061-454EA5EAFA4F}.Release|Any CPU.ActiveCfg = Release|Any CPU
		{F5F75F17-3E13-40E4-8061-454EA5EAFA4F}.Release|Any CPU.Build.0 = Release|Any CPU
		{8CDC3317-90ED-4700-A2C2-47643BA74019}.Debug|Any CPU.ActiveCfg = Debug|Any CPU
		{8CDC3317-90ED-4700-A2C2-47643BA74019}.Debug|Any CPU.Build.0 = Debug|Any CPU
		{8CDC3317-90ED-4700-A2C2-47643BA74019}.Release|Any CPU.ActiveCfg = Release|Any CPU
		{8CDC3317-90ED-4700-A2C2-47643BA74019}.Release|Any CPU.Build.0 = Release|Any CPU
		{3B3F2D00-235D-4B4F-89FA-ABE51F7E66D9}.Debug|Any CPU.ActiveCfg = Debug|Any CPU
		{3B3F2D00-235D-4B4F-89FA-ABE51F7E66D9}.Debug|Any CPU.Build.0 = Debug|Any CPU
		{3B3F2D00-235D-4B4F-89FA-ABE51F7E66D9}.Release|Any CPU.ActiveCfg = Release|Any CPU
		{3B3F2D00-235D-4B4F-89FA-ABE51F7E66D9}.Release|Any CPU.Build.0 = Release|Any CPU
		{850045C6-A164-4CCC-9136-A7A7EDDF4DB7}.Debug|Any CPU.ActiveCfg = Debug|Any CPU
		{850045C6-A164-4CCC-9136-A7A7EDDF4DB7}.Debug|Any CPU.Build.0 = Debug|Any CPU
		{850045C6-A164-4CCC-9136-A7A7EDDF4DB7}.Release|Any CPU.ActiveCfg = Release|Any CPU
		{850045C6-A164-4CCC-9136-A7A7EDDF4DB7}.Release|Any CPU.Build.0 = Release|Any CPU
		{3F8E5951-9630-4969-8707-FFE100D5C76E}.Debug|Any CPU.ActiveCfg = Debug|Any CPU
		{3F8E5951-9630-4969-8707-FFE100D5C76E}.Debug|Any CPU.Build.0 = Debug|Any CPU
		{3F8E5951-9630-4969-8707-FFE100D5C76E}.Release|Any CPU.ActiveCfg = Release|Any CPU
		{3F8E5951-9630-4969-8707-FFE100D5C76E}.Release|Any CPU.Build.0 = Release|Any CPU
		{DF746D41-F08A-4629-B513-51E30D74874D}.Debug|Any CPU.ActiveCfg = Debug|Any CPU
		{DF746D41-F08A-4629-B513-51E30D74874D}.Debug|Any CPU.Build.0 = Debug|Any CPU
		{DF746D41-F08A-4629-B513-51E30D74874D}.Release|Any CPU.ActiveCfg = Release|Any CPU
		{DF746D41-F08A-4629-B513-51E30D74874D}.Release|Any CPU.Build.0 = Release|Any CPU
		{7E2B3769-3CC2-4C03-A021-5759EE7C9FEE}.Debug|Any CPU.ActiveCfg = Debug|Any CPU
		{7E2B3769-3CC2-4C03-A021-5759EE7C9FEE}.Debug|Any CPU.Build.0 = Debug|Any CPU
		{7E2B3769-3CC2-4C03-A021-5759EE7C9FEE}.Release|Any CPU.ActiveCfg = Release|Any CPU
		{7E2B3769-3CC2-4C03-A021-5759EE7C9FEE}.Release|Any CPU.Build.0 = Release|Any CPU
		{F7B8BD4F-21C9-4F56-893D-DE96F393BC08}.Debug|Any CPU.ActiveCfg = Debug|Any CPU
		{F7B8BD4F-21C9-4F56-893D-DE96F393BC08}.Debug|Any CPU.Build.0 = Debug|Any CPU
		{F7B8BD4F-21C9-4F56-893D-DE96F393BC08}.Release|Any CPU.ActiveCfg = Release|Any CPU
		{F7B8BD4F-21C9-4F56-893D-DE96F393BC08}.Release|Any CPU.Build.0 = Release|Any CPU
		{285EB836-F321-4CBE-8701-5F4B480674B0}.Debug|Any CPU.ActiveCfg = Debug|Any CPU
		{285EB836-F321-4CBE-8701-5F4B480674B0}.Debug|Any CPU.Build.0 = Debug|Any CPU
		{285EB836-F321-4CBE-8701-5F4B480674B0}.Release|Any CPU.ActiveCfg = Release|Any CPU
		{285EB836-F321-4CBE-8701-5F4B480674B0}.Release|Any CPU.Build.0 = Release|Any CPU
		{6E4CEB92-282F-4A13-8A75-AF90FB42E6E4}.Debug|Any CPU.ActiveCfg = Debug|Any CPU
		{6E4CEB92-282F-4A13-8A75-AF90FB42E6E4}.Debug|Any CPU.Build.0 = Debug|Any CPU
		{6E4CEB92-282F-4A13-8A75-AF90FB42E6E4}.Release|Any CPU.ActiveCfg = Release|Any CPU
		{6E4CEB92-282F-4A13-8A75-AF90FB42E6E4}.Release|Any CPU.Build.0 = Release|Any CPU
	EndGlobalSection
	GlobalSection(SolutionProperties) = preSolution
		HideSolutionNode = FALSE
	EndGlobalSection
	GlobalSection(NestedProjects) = preSolution
		{FF7843AD-00B0-4EF0-8672-88B15C1AF6E8} = {36D591C7-65C7-A0D1-1CBC-10CDE441BDC8}
		{BC1D8202-FF45-4345-A0F5-E11E1CC00294} = {36D591C7-65C7-A0D1-1CBC-10CDE441BDC8}
		{932DB1E5-885F-447B-B37E-E8F894E5061F} = {36D591C7-65C7-A0D1-1CBC-10CDE441BDC8}
		{A84FE64F-E8C0-4A5E-BD7F-71DF7504F8DA} = {5823F90B-BD97-42C7-9EE3-6297B84DFC0B}
		{B1C7FCC5-7B66-4635-BFEA-877FEA2899AB} = {5823F90B-BD97-42C7-9EE3-6297B84DFC0B}
		{1C464C4A-7C14-41D7-964B-2F04DD9B1C0E} = {5823F90B-BD97-42C7-9EE3-6297B84DFC0B}
		{C1F72213-CED8-4A7B-979A-75C172097141} = {DF093A9D-3062-44CD-A280-817BC41BB9F4}
		{441AB8E3-CFEC-4653-842D-F1F220E2DCE4} = {DF093A9D-3062-44CD-A280-817BC41BB9F4}
		{F5F75F17-3E13-40E4-8061-454EA5EAFA4F} = {DF093A9D-3062-44CD-A280-817BC41BB9F4}
		{8CDC3317-90ED-4700-A2C2-47643BA74019} = {9DE2D291-39DC-4466-872E-38B72FE79AA6}
		{3B3F2D00-235D-4B4F-89FA-ABE51F7E66D9} = {9DE2D291-39DC-4466-872E-38B72FE79AA6}
		{850045C6-A164-4CCC-9136-A7A7EDDF4DB7} = {9DE2D291-39DC-4466-872E-38B72FE79AA6}
		{3F8E5951-9630-4969-8707-FFE100D5C76E} = {0E857EA2-8B3D-4F21-AF28-E78A8B2D89B2}
		{DF746D41-F08A-4629-B513-51E30D74874D} = {0E857EA2-8B3D-4F21-AF28-E78A8B2D89B2}
		{7E2B3769-3CC2-4C03-A021-5759EE7C9FEE} = {0E857EA2-8B3D-4F21-AF28-E78A8B2D89B2}
		{F7B8BD4F-21C9-4F56-893D-DE96F393BC08} = {5D3771F6-C744-4558-A805-60A45B29AC4F}
		{285EB836-F321-4CBE-8701-5F4B480674B0} = {5D3771F6-C744-4558-A805-60A45B29AC4F}
		{6E4CEB92-282F-4A13-8A75-AF90FB42E6E4} = {5D3771F6-C744-4558-A805-60A45B29AC4F}
	EndGlobalSection
	GlobalSection(ExtensibilityGlobals) = postSolution
		SolutionGuid = {F4CAB566-BA1B-44BC-801B-0CB7122717E4}
	EndGlobalSection
EndGlobal
