
Microsoft Visual Studio Solution File, Format Version 12.00
# Visual Studio Version 17
VisualStudioVersion = 17.14.36603.0
MinimumVisualStudioVersion = 10.0.40219.1
Project("{2150E333-8FDC-42A3-9474-1A3956D46DE8}") = "Task0", "Task0", "{36D591C7-65C7-A0D1-1CBC-10CDE441BDC8}"
EndProject
Project("{FAE04EC0-301F-11D3-BF4B-00C04F79EFBC}") = "Tyuiu.PrilukovDA.Sprint4.Task0.V12", "Tyuiu.PrilukovDA.Sprint4.Task0.V12\Tyuiu.PrilukovDA.Sprint4.Task0.V12.csproj", "{FF7843AD-00B0-4EF0-8672-88B15C1AF6E8}"
EndProject
Project("{FAE04EC0-301F-11D3-BF4B-00C04F79EFBC}") = "Tyuiu.PrilukovDA.Sprint4.Task0.V12.Lib", "Tyuiu.PrilukovDA.Sprint4.Task0.V12.Lib\Tyuiu.PrilukovDA.Sprint4.Task0.V12.Lib.csproj", "{BC1D8202-FF45-4345-A0F5-E11E1CC00294}"
EndProject
Project("{FAE04EC0-301F-11D3-BF4B-00C04F79EFBC}") = "Tyuiu.PrilukovDA.Sprint4.Task0.V12.Test", "Tyuiu.PrilukovDA.Sprint4.Task0.V12.Test\Tyuiu.PrilukovDA.Sprint4.Task0.V12.Test.csproj", "{932DB1E5-885F-447B-B37E-E8F894E5061F}"
EndProject
Project("{2150E333-8FDC-42A3-9474-1A3956D46DE8}") = "Task1", "Task1", "{5823F90B-BD97-42C7-9EE3-6297B84DFC0B}"
EndProject
Project("{FAE04EC0-301F-11D3-BF4B-00C04F79EFBC}") = "Tyuiu.PrilukovDA.Sprint4.Task1.V10", "Tyuiu.PrilukovDA.Sprint4.Task1.V10\Tyuiu.PrilukovDA.Sprint4.Task1.V10.csproj", "{A84FE64F-E8C0-4A5E-BD7F-71DF7504F8DA}"
EndProject
Project("{FAE04EC0-301F-11D3-BF4B-00C04F79EFBC}") = "Tyuiu.PrilukovDA.Sprint4.Task1.V10.Lib", "Tyuiu.PrilukovDA.Sprint4.Task1.V10.Lib\Tyuiu.PrilukovDA.Sprint4.Task1.V10.Lib.csproj", "{B1C7FCC5-7B66-4635-BFEA-877FEA2899AB}"
EndProject
Project("{FAE04EC0-301F-11D3-BF4B-00C04F79EFBC}") = "Tyuiu.PrilukovDA.Sprint4.Task1.V10.Test", "Tyuiu.PrilukovDA.Sprint4.Task1.V10.Test\Tyuiu.PrilukovDA.Sprint4.Task1.V10.Test.csproj", "{1C464C4A-7C14-41D7-964B-2F04DD9B1C0E}"
EndProject
Project("{2150E333-8FDC-42A3-9474-1A3956D46DE8}") = "Task2", "Task2", "{DF093A9D-3062-44CD-A280-817BC41BB9F4}"
EndProject
Project("{FAE04EC0-301F-11D3-BF4B-00C04F79EFBC}") = "Tyuiu.PrilukovDA.Sprint4.Task2.V25", "Tyuiu.PrilukovDA.Sprint4.Task2.V25\Tyuiu.PrilukovDA.Sprint4.Task2.V25.csproj", "{C1F72213-CED8-4A7B-979A-75C172097141}"
EndProject
Project("{FAE04EC0-301F-11D3-BF4B-00C04F79EFBC}") = "Tyuiu.PrilukovDA.Sprint4.Task2.V25.Lib", "Tyuiu.PrilukovDA.Sprint4.Task2.V25.Lib\Tyuiu.PrilukovDA.Sprint4.Task2.V25.Lib.csproj", "{441AB8E3-CFEC-4653-842D-F1F220E2DCE4}"
EndProject
Project("{FAE04EC0-301F-11D3-BF4B-00C04F79EFBC}") = "Tyuiu.PrilukovDA.Sprint4.Task2.V25.Test", "Tyuiu.PrilukovDA.Sprint4.Task2.V25.Test\Tyuiu.PrilukovDA.Sprint4.Task2.V25.Test.csproj", "{F5F75F17-3E13-40E4-8061-454EA5EAFA4F}"
EndProject
Global
	GlobalSection(SolutionConfigurationPlatforms) = preSolution
		Debug|Any CPU = Debug|Any CPU
		Release|Any CPU = Release|Any CPU
	EndGlobalSection
	GlobalSection(ProjectConfigurationPlatforms) = postSolution
		{FF7843AD-00B0-4EF0-8672-88B15C1AF6E8}.Debug|Any CPU.ActiveCfg = Debug|Any CPU
		{FF7843AD-00B0-4EF0-8672-88B15C1AF6E8}.Debug|Any CPU.Build.0 = Debug|Any CPU
		{FF7843AD-00B0-4EF0-8672-88B15C1AF6E8}.Release|Any CPU.ActiveCfg = Release|Any CPU
		{FF7843AD-00B0-4EF0-8672-88B15C1AF6E8}.Release|Any CPU.Build.0 = Release|Any CPU
		{BC1D8202-FF45-4345-A0F5-E11E1CC00294}.Debug|Any CPU.ActiveCfg = Debug|Any CPU
		{BC1D8202-FF45-4345-A0F5-E11E1CC00294}.Debug|Any CPU.Build.0 = Debug|Any CPU
		{BC1D8202-FF45-4345-A0F5-E11E1CC00294}.Release|Any CPU.ActiveCfg = Release|Any CPU
		{BC1D8202-FF45-4345-A0F5-E11E1CC00294}.Release|Any CPU.Build.0 = Release|Any CPU
		{932DB1E5-885F-447B-B37E-E8F894E5061F}.Debug|Any CPU.ActiveCfg = Debug|Any CPU
		{932DB1E5-885F-447B-B37E-E8F894E5061F}.Debug|Any CPU.Build.0 = Debug|Any CPU
		{932DB1E5-885F-447B-B37E-E8F894E5061F}.Release|Any CPU.ActiveCfg = Release|Any CPU
		{932DB1E5-885F-447B-B37E-E8F894E5061F}.Release|Any CPU.Build.0 = Release|Any CPU
		{A84FE64F-E8C0-4A5E-BD7F-71DF7504F8DA}.Debug|Any CPU.ActiveCfg = Debug|Any CPU
		{A84FE64F-E8C0-4A5E-BD7F-71DF7504F8DA}.Debug|Any CPU.Build.0 = Debug|Any CPU
		{A84FE64F-E8C0-4A5E-BD7F-71DF7504F8DA}.Release|Any CPU.ActiveCfg = Release|Any CPU
		{A84FE64F-E8C0-4A5E-BD7F-71DF7504F8DA}.Release|Any CPU.Build.0 = Release|Any CPU
		{B1C7FCC5-7B66-4635-BFEA-877FEA2899AB}.Debug|Any CPU.ActiveCfg = Debug|Any CPU
		{B1C7FCC5-7B66-4635-BFEA-877FEA2899AB}.Debug|Any CPU.Build.0 = Debug|Any CPU
		{B1C7FCC5-7B66-4635-BFEA-877FEA2899AB}.Release|Any CPU.ActiveCfg = Release|Any CPU
		{B1C7FCC5-7B66-4635-BFEA-877FEA2899AB}.Release|Any CPU.Build.0 = Release|Any CPU
		{1C464C4A-7C14-41D7-964B-2F04DD9B1C0E}.Debug|Any CPU.ActiveCfg = Debug|Any CPU
		{1C464C4A-7C14-41D7-964B-2F04DD9B1C0E}.Debug|Any CPU.Build.0 = Debug|Any CPU
		{1C464C4A-7C14-41D7-964B-2F04DD9B1C0E}.Release|Any CPU.ActiveCfg = Release|Any CPU
		{1C464C4A-7C14-41D7-964B-2F04DD9B1C0E}.Release|Any CPU.Build.0 = Release|Any CPU
		{C1F72213-CED8-4A7B-979A-75C172097141}.Debug|Any CPU.ActiveCfg = Debug|Any CPU
		{C1F72213-CED8-4A7B-979A-75C172097141}.Debug|Any CPU.Build.0 = Debug|Any CPU
		{C1F72213-CED8-4A7B-979A-75C172097141}.Release|Any CPU.ActiveCfg = Release|Any CPU
		{C1F72213-CED8-4A7B-979A-75C172097141}.Release|Any CPU.Build.0 = Release|Any CPU
		{441AB8E3-CFEC-4653-842D-F1F220E2DCE4}.Debug|Any CPU.ActiveCfg = Debug|Any CPU
		{441AB8E3-CFEC-4653-842D-F1F220E2DCE4}.Debug|Any CPU.Build.0 = Debug|Any CPU
		{441AB8E3-CFEC-4653-842D-F1F220E2DCE4}.Release|Any CPU.ActiveCfg = Release|Any CPU
		{441AB8E3-CFEC-4653-842D-F1F220E2DCE4}.Release|Any CPU.Build.0 = Release|Any CPU
		{F5F75F17-3E13-40E4-8061-454EA5EAFA4F}.Debug|Any CPU.ActiveCfg = Debug|Any CPU
		{F5F75F17-3E13-40E4-8061-454EA5EAFA4F}.Debug|Any CPU.Build.0 = Debug|Any CPU
		{F5F75F17-3E13-40E4-8061-454EA5EAFA4F}.Release|Any CPU.ActiveCfg = Release|Any CPU
		{F5F75F17-3E13-40E4-8061-454EA5EAFA4F}.Release|Any CPU.Build.0 = Release|Any CPU
	EndGlobalSection
	GlobalSection(SolutionProperties) = preSolution
		HideSolutionNode = FALSE
	EndGlobalSection
	GlobalSection(NestedProjects) = preSolution
		{FF7843AD-00B0-4EF0-8672-88B15C1AF6E8} = {36D591C7-65C7-A0D1-1CBC-10CDE441BDC8}
		{BC1D8202-FF45-4345-A0F5-E11E1CC00294} = {36D591C7-65C7-A0D1-1CBC-10CDE441BDC8}
		{932DB1E5-885F-447B-B37E-E8F894E5061F} = {36D591C7-65C7-A0D1-1CBC-10CDE441BDC8}
		{A84FE64F-E8C0-4A5E-BD7F-71DF7504F8DA} = {5823F90B-BD97-42C7-9EE3-6297B84DFC0B}
		{B1C7FCC5-7B66-4635-BFEA-877FEA2899AB} = {5823F90B-BD97-42C7-9EE3-6297B84DFC0B}
		{1C464C4A-7C14-41D7-964B-2F04DD9B1C0E} = {5823F90B-BD97-42C7-9EE3-6297B84DFC0B}
		{C1F72213-CED8-4A7B-979A-75C172097141} = {DF093A9D-3062-44CD-A280-817BC41BB9F4}
		{441AB8E3-CFEC-4653-842D-F1F220E2DCE4} = {DF093A9D-3062-44CD-A280-817BC41BB9F4}
		{F5F75F17-3E13-40E4-8061-454EA5EAFA4F} = {DF093A9D-3062-44CD-A280-817BC41BB9F4}
	EndGlobalSection
	GlobalSection(ExtensibilityGlobals) = postSolution
		SolutionGuid = {F4CAB566-BA1B-44BC-801B-0CB7122717E4}
	EndGlobalSection
EndGlobal
